
Microsoft Visual Studio Solution File, Format Version 12.00
# Visual Studio 15
VisualStudioVersion = 15.0.28307.329
MinimumVisualStudioVersion = 10.0.40219.1
Project("{FAE04EC0-301F-11D3-BF4B-00C04F79EFBC}") = "RailwaysHomeWork", "RailwaysHomeWork\RailwaysHomeWork.csproj", "{CEDF5482-DC4B-4BEA-8EB0-C18063564721}"
EndProject
Project("{FAE04EC0-301F-11D3-BF4B-00C04F79EFBC}") = "RailwaysHomeWork.DataAccess", "RailwaysHomeWork.DataAccess\RailwaysHomeWork.DataAccess.csproj", "{9EBDDC93-C1C7-422C-A2E5-120CF906387B}"
EndProject
Project("{FAE04EC0-301F-11D3-BF4B-00C04F79EFBC}") = "RailwaysHomeWork.Models", "RailwaysHomeWork.Models\RailwaysHomeWork.Models.csproj", "{7D07331C-36DD-46D1-B4E6-64A36D8F81AF}"
EndProject
Project("{FAE04EC0-301F-11D3-BF4B-00C04F79EFBC}") = "RailwaysHomeWork.WPF", "RailwaysHomeWork.WPF\RailwaysHomeWork.WPF.csproj", "{3AA4DDF4-91FE-4A75-BDB5-BBDFAD963E2A}"
EndProject
Global
	GlobalSection(SolutionConfigurationPlatforms) = preSolution
		Debug|Any CPU = Debug|Any CPU
		Release|Any CPU = Release|Any CPU
	EndGlobalSection
	GlobalSection(ProjectConfigurationPlatforms) = postSolution
		{CEDF5482-DC4B-4BEA-8EB0-C18063564721}.Debug|Any CPU.ActiveCfg = Debug|Any CPU
		{CEDF5482-DC4B-4BEA-8EB0-C18063564721}.Debug|Any CPU.Build.0 = Debug|Any CPU
		{CEDF5482-DC4B-4BEA-8EB0-C18063564721}.Release|Any CPU.ActiveCfg = Release|Any CPU
		{CEDF5482-DC4B-4BEA-8EB0-C18063564721}.Release|Any CPU.Build.0 = Release|Any CPU
		{9EBDDC93-C1C7-422C-A2E5-120CF906387B}.Debug|Any CPU.ActiveCfg = Debug|Any CPU
		{9EBDDC93-C1C7-422C-A2E5-120CF906387B}.Debug|Any CPU.Build.0 = Debug|Any CPU
		{9EBDDC93-C1C7-422C-A2E5-120CF906387B}.Release|Any CPU.ActiveCfg = Release|Any CPU
		{9EBDDC93-C1C7-422C-A2E5-120CF906387B}.Release|Any CPU.Build.0 = Release|Any CPU
		{7D07331C-36DD-46D1-B4E6-64A36D8F81AF}.Debug|Any CPU.ActiveCfg = Debug|Any CPU
		{7D07331C-36DD-46D1-B4E6-64A36D8F81AF}.Debug|Any CPU.Build.0 = Debug|Any CPU
		{7D07331C-36DD-46D1-B4E6-64A36D8F81AF}.Release|Any CPU.ActiveCfg = Release|Any CPU
		{7D07331C-36DD-46D1-B4E6-64A36D8F81AF}.Release|Any CPU.Build.0 = Release|Any CPU
		{3AA4DDF4-91FE-4A75-BDB5-BBDFAD963E2A}.Debug|Any CPU.ActiveCfg = Debug|Any CPU
		{3AA4DDF4-91FE-4A75-BDB5-BBDFAD963E2A}.Debug|Any CPU.Build.0 = Debug|Any CPU
		{3AA4DDF4-91FE-4A75-BDB5-BBDFAD963E2A}.Release|Any CPU.ActiveCfg = Release|Any CPU
		{3AA4DDF4-91FE-4A75-BDB5-BBDFAD963E2A}.Release|Any CPU.Build.0 = Release|Any CPU
	EndGlobalSection
	GlobalSection(SolutionProperties) = preSolution
		HideSolutionNode = FALSE
	EndGlobalSection
	GlobalSection(ExtensibilityGlobals) = postSolution
		SolutionGuid = {D9EF56A5-2856-486E-9B1A-38B7C25BAA4B}
	EndGlobalSection
EndGlobal
